
Microsoft Visual Studio Solution File, Format Version 12.00
# Visual Studio Version 17
VisualStudioVersion = 17.3.32804.467
MinimumVisualStudioVersion = 10.0.40219.1
Project("{9A19103F-16F7-4668-BE54-9A1E7A4F7556}") = "ProdajemKupujem", "ProdajemKupujem\ProdajemKupujem.csproj", "{D417C2BD-1ACE-493A-9D2A-994538C90DAF}"
EndProject
Global
	GlobalSection(SolutionConfigurationPlatforms) = preSolution
		Debug|Any CPU = Debug|Any CPU
		Release|Any CPU = Release|Any CPU
	EndGlobalSection
	GlobalSection(ProjectConfigurationPlatforms) = postSolution
		{D417C2BD-1ACE-493A-9D2A-994538C90DAF}.Debug|Any CPU.ActiveCfg = Debug|Any CPU
		{D417C2BD-1ACE-493A-9D2A-994538C90DAF}.Debug|Any CPU.Build.0 = Debug|Any CPU
		{D417C2BD-1ACE-493A-9D2A-994538C90DAF}.Release|Any CPU.ActiveCfg = Release|Any CPU
		{D417C2BD-1ACE-493A-9D2A-994538C90DAF}.Release|Any CPU.Build.0 = Release|Any CPU
	EndGlobalSection
	GlobalSection(SolutionProperties) = preSolution
		HideSolutionNode = FALSE
	EndGlobalSection
	GlobalSection(ExtensibilityGlobals) = postSolution
		SolutionGuid = {573F1BB1-DD5A-4B1A-BA5D-66340B7FB3A0}
	EndGlobalSection
EndGlobal
